
Microsoft Visual Studio Solution File, Format Version 12.00
# Visual Studio Version 17
VisualStudioVersion = 17.2.32519.379
MinimumVisualStudioVersion = 10.0.40219.1
Project("{FAE04EC0-301F-11D3-BF4B-00C04F79EFBC}") = "HotelListingAPI", "HotelListingAPI\HotelListingAPI.csproj", "{F8A7AD3D-B8D4-4784-8E98-7C1341D8EBBD}"
EndProject
Global
	GlobalSection(SolutionConfigurationPlatforms) = preSolution
		Debug|Any CPU = Debug|Any CPU
		Release|Any CPU = Release|Any CPU
	EndGlobalSection
	GlobalSection(ProjectConfigurationPlatforms) = postSolution
		{F8A7AD3D-B8D4-4784-8E98-7C1341D8EBBD}.Debug|Any CPU.ActiveCfg = Debug|Any CPU
		{F8A7AD3D-B8D4-4784-8E98-7C1341D8EBBD}.Debug|Any CPU.Build.0 = Debug|Any CPU
		{F8A7AD3D-B8D4-4784-8E98-7C1341D8EBBD}.Release|Any CPU.ActiveCfg = Release|Any CPU
		{F8A7AD3D-B8D4-4784-8E98-7C1341D8EBBD}.Release|Any CPU.Build.0 = Release|Any CPU
	EndGlobalSection
	GlobalSection(SolutionProperties) = preSolution
		HideSolutionNode = FALSE
	EndGlobalSection
	GlobalSection(ExtensibilityGlobals) = postSolution
		SolutionGuid = {F6D46F12-1FDC-49D8-B3C9-F46ABB840400}
	EndGlobalSection
EndGlobal
